// !$*UTF8*$!
{
	archiveVersion = 1;
	classes = {
	};
	objectVersion = 52;
	objects = {

/* Begin PBXBuildFile section */
		5A405A2E244F410F002D4C76 /* SceneDelegate.swift in Sources */ = {isa = PBXBuildFile; fileRef = 5A405A2D244F410F002D4C76 /* SceneDelegate.swift */; };
		5A405A30244F410F002D4C76 /* MotionManagerView.swift in Sources */ = {isa = PBXBuildFile; fileRef = 5A405A2F244F410F002D4C76 /* MotionManagerView.swift */; };
		5A405A32244F4110002D4C76 /* Assets.xcassets in Resources */ = {isa = PBXBuildFile; fileRef = 5A405A31244F4110002D4C76 /* Assets.xcassets */; };
		CA01F8932479B2FF004C5C0D /* ComposableCoreMotion in Frameworks */ = {isa = PBXBuildFile; productRef = CA01F8922479B2FF004C5C0D /* ComposableCoreMotion */; };
		CA0F931F244FE3F000E85985 /* MotionTests.swift in Sources */ = {isa = PBXBuildFile; fileRef = CA0F931E244FE3F000E85985 /* MotionTests.swift */; };
		DC1394122469E2E100EE1157 /* ComposableArchitecture in Frameworks */ = {isa = PBXBuildFile; productRef = DC1394112469E2E100EE1157 /* ComposableArchitecture */; };
/* End PBXBuildFile section */

/* Begin PBXContainerItemProxy section */
		CA0F9321244FE3F000E85985 /* PBXContainerItemProxy */ = {
			isa = PBXContainerItemProxy;
			containerPortal = 5A405A20244F410F002D4C76 /* Project object */;
			proxyType = 1;
			remoteGlobalIDString = 5A405A27244F410F002D4C76;
			remoteInfo = MotionManager;
		};
/* End PBXContainerItemProxy section */

/* Begin PBXCopyFilesBuildPhase section */
		5A89A1FC244F43DD00EF81FA /* Embed Frameworks */ = {
			isa = PBXCopyFilesBuildPhase;
			buildActionMask = 2147483647;
			dstPath = "";
			dstSubfolderSpec = 10;
			files = (
			);
			name = "Embed Frameworks";
			runOnlyForDeploymentPostprocessing = 0;
		};
		CA0F9328244FE4EF00E85985 /* Embed Frameworks */ = {
			isa = PBXCopyFilesBuildPhase;
			buildActionMask = 2147483647;
			dstPath = "";
			dstSubfolderSpec = 10;
			files = (
			);
			name = "Embed Frameworks";
			runOnlyForDeploymentPostprocessing = 0;
		};
/* End PBXCopyFilesBuildPhase section */

/* Begin PBXFileReference section */
		5A405A28244F410F002D4C76 /* MotionManager.app */ = {isa = PBXFileReference; explicitFileType = wrapper.application; includeInIndex = 0; path = MotionManager.app; sourceTree = BUILT_PRODUCTS_DIR; };
		5A405A2D244F410F002D4C76 /* SceneDelegate.swift */ = {isa = PBXFileReference; lastKnownFileType = sourcecode.swift; path = SceneDelegate.swift; sourceTree = "<group>"; };
		5A405A2F244F410F002D4C76 /* MotionManagerView.swift */ = {isa = PBXFileReference; lastKnownFileType = sourcecode.swift; path = MotionManagerView.swift; sourceTree = "<group>"; };
		5A405A31244F4110002D4C76 /* Assets.xcassets */ = {isa = PBXFileReference; lastKnownFileType = folder.assetcatalog; path = Assets.xcassets; sourceTree = "<group>"; };
		5A405A39244F4110002D4C76 /* Info.plist */ = {isa = PBXFileReference; lastKnownFileType = text.plist.xml; path = Info.plist; sourceTree = "<group>"; };
		CA0F931C244FE3F000E85985 /* MotionManagerTests.xctest */ = {isa = PBXFileReference; explicitFileType = wrapper.cfbundle; includeInIndex = 0; path = MotionManagerTests.xctest; sourceTree = BUILT_PRODUCTS_DIR; };
		CA0F931E244FE3F000E85985 /* MotionTests.swift */ = {isa = PBXFileReference; lastKnownFileType = sourcecode.swift; path = MotionTests.swift; sourceTree = "<group>"; };
		CA0F9320244FE3F000E85985 /* Info.plist */ = {isa = PBXFileReference; lastKnownFileType = text.plist.xml; path = Info.plist; sourceTree = "<group>"; };
		DCFC51472466F49B00A0B8CF /* swift-composable-architecture */ = {isa = PBXFileReference; lastKnownFileType = folder; name = "swift-composable-architecture"; path = ../..; sourceTree = "<group>"; };
/* End PBXFileReference section */

/* Begin PBXFrameworksBuildPhase section */
		5A405A25244F410F002D4C76 /* Frameworks */ = {
			isa = PBXFrameworksBuildPhase;
			buildActionMask = 2147483647;
			files = (
				CA01F8932479B2FF004C5C0D /* ComposableCoreMotion in Frameworks */,
				DC1394122469E2E100EE1157 /* ComposableArchitecture in Frameworks */,
			);
			runOnlyForDeploymentPostprocessing = 0;
		};
		CA0F9319244FE3F000E85985 /* Frameworks */ = {
			isa = PBXFrameworksBuildPhase;
			buildActionMask = 2147483647;
			files = (
			);
			runOnlyForDeploymentPostprocessing = 0;
		};
/* End PBXFrameworksBuildPhase section */

/* Begin PBXGroup section */
		5A405A1F244F410F002D4C76 = {
			isa = PBXGroup;
			children = (
				DCFC51472466F49B00A0B8CF /* swift-composable-architecture */,
				5A405A2A244F410F002D4C76 /* MotionManager */,
				CA0F931D244FE3F000E85985 /* MotionManagerTests */,
				5A405A29244F410F002D4C76 /* Products */,
				5A89A1F8244F43DC00EF81FA /* Frameworks */,
			);
			sourceTree = "<group>";
		};
		5A405A29244F410F002D4C76 /* Products */ = {
			isa = PBXGroup;
			children = (
				5A405A28244F410F002D4C76 /* MotionManager.app */,
				CA0F931C244FE3F000E85985 /* MotionManagerTests.xctest */,
			);
			name = Products;
			sourceTree = "<group>";
		};
		5A405A2A244F410F002D4C76 /* MotionManager */ = {
			isa = PBXGroup;
			children = (
				5A405A39244F4110002D4C76 /* Info.plist */,
				5A405A2F244F410F002D4C76 /* MotionManagerView.swift */,
				5A405A2D244F410F002D4C76 /* SceneDelegate.swift */,
				5A405A31244F4110002D4C76 /* Assets.xcassets */,
			);
			path = MotionManager;
			sourceTree = "<group>";
		};
		5A89A1F8244F43DC00EF81FA /* Frameworks */ = {
			isa = PBXGroup;
			children = (
			);
			name = Frameworks;
			sourceTree = "<group>";
		};
		CA0F931D244FE3F000E85985 /* MotionManagerTests */ = {
			isa = PBXGroup;
			children = (
				CA0F931E244FE3F000E85985 /* MotionTests.swift */,
				CA0F9320244FE3F000E85985 /* Info.plist */,
			);
			path = MotionManagerTests;
			sourceTree = "<group>";
		};
/* End PBXGroup section */

/* Begin PBXNativeTarget section */
		5A405A27244F410F002D4C76 /* MotionManager */ = {
			isa = PBXNativeTarget;
			buildConfigurationList = 5A405A3C244F4110002D4C76 /* Build configuration list for PBXNativeTarget "MotionManager" */;
			buildPhases = (
				5A405A24244F410F002D4C76 /* Sources */,
				5A405A25244F410F002D4C76 /* Frameworks */,
				5A405A26244F410F002D4C76 /* Resources */,
				5A89A1FC244F43DD00EF81FA /* Embed Frameworks */,
			);
			buildRules = (
			);
			dependencies = (
			);
			name = MotionManager;
			packageProductDependencies = (
				DC1394112469E2E100EE1157 /* ComposableArchitecture */,
				CA01F8922479B2FF004C5C0D /* ComposableCoreMotion */,
			);
			productName = MotionManager;
			productReference = 5A405A28244F410F002D4C76 /* MotionManager.app */;
			productType = "com.apple.product-type.application";
		};
		CA0F931B244FE3F000E85985 /* MotionManagerTests */ = {
			isa = PBXNativeTarget;
			buildConfigurationList = CA0F9325244FE3F000E85985 /* Build configuration list for PBXNativeTarget "MotionManagerTests" */;
			buildPhases = (
				CA0F9318244FE3F000E85985 /* Sources */,
				CA0F9319244FE3F000E85985 /* Frameworks */,
				CA0F931A244FE3F000E85985 /* Resources */,
				CA0F9328244FE4EF00E85985 /* Embed Frameworks */,
			);
			buildRules = (
			);
			dependencies = (
				CA0F9322244FE3F000E85985 /* PBXTargetDependency */,
			);
			name = MotionManagerTests;
			packageProductDependencies = (
			);
			productName = MotionManagerTests;
			productReference = CA0F931C244FE3F000E85985 /* MotionManagerTests.xctest */;
			productType = "com.apple.product-type.bundle.unit-test";
		};
/* End PBXNativeTarget section */

/* Begin PBXProject section */
		5A405A20244F410F002D4C76 /* Project object */ = {
			isa = PBXProject;
			attributes = {
				LastSwiftUpdateCheck = 1140;
				LastUpgradeCheck = 1140;
				ORGANIZATIONNAME = finestructure;
				TargetAttributes = {
					5A405A27244F410F002D4C76 = {
						CreatedOnToolsVersion = 11.4.1;
					};
					CA0F931B244FE3F000E85985 = {
						CreatedOnToolsVersion = 11.4.1;
						TestTargetID = 5A405A27244F410F002D4C76;
					};
				};
			};
			buildConfigurationList = 5A405A23244F410F002D4C76 /* Build configuration list for PBXProject "MotionManager" */;
			compatibilityVersion = "Xcode 9.3";
			developmentRegion = en;
			hasScannedForEncodings = 0;
			knownRegions = (
				en,
				Base,
			);
			mainGroup = 5A405A1F244F410F002D4C76;
			productRefGroup = 5A405A29244F410F002D4C76 /* Products */;
			projectDirPath = "";
			projectRoot = "";
			targets = (
				5A405A27244F410F002D4C76 /* MotionManager */,
				CA0F931B244FE3F000E85985 /* MotionManagerTests */,
			);
		};
/* End PBXProject section */

/* Begin PBXResourcesBuildPhase section */
		5A405A26244F410F002D4C76 /* Resources */ = {
			isa = PBXResourcesBuildPhase;
			buildActionMask = 2147483647;
			files = (
				5A405A32244F4110002D4C76 /* Assets.xcassets in Resources */,
			);
			runOnlyForDeploymentPostprocessing = 0;
		};
		CA0F931A244FE3F000E85985 /* Resources */ = {
			isa = PBXResourcesBuildPhase;
			buildActionMask = 2147483647;
			files = (
			);
			runOnlyForDeploymentPostprocessing = 0;
		};
/* End PBXResourcesBuildPhase section */

/* Begin PBXSourcesBuildPhase section */
		5A405A24244F410F002D4C76 /* Sources */ = {
			isa = PBXSourcesBuildPhase;
			buildActionMask = 2147483647;
			files = (
				5A405A2E244F410F002D4C76 /* SceneDelegate.swift in Sources */,
				5A405A30244F410F002D4C76 /* MotionManagerView.swift in Sources */,
			);
			runOnlyForDeploymentPostprocessing = 0;
		};
		CA0F9318244FE3F000E85985 /* Sources */ = {
			isa = PBXSourcesBuildPhase;
			buildActionMask = 2147483647;
			files = (
				CA0F931F244FE3F000E85985 /* MotionTests.swift in Sources */,
			);
			runOnlyForDeploymentPostprocessing = 0;
		};
/* End PBXSourcesBuildPhase section */

/* Begin PBXTargetDependency section */
		CA0F9322244FE3F000E85985 /* PBXTargetDependency */ = {
			isa = PBXTargetDependency;
			target = 5A405A27244F410F002D4C76 /* MotionManager */;
			targetProxy = CA0F9321244FE3F000E85985 /* PBXContainerItemProxy */;
		};
/* End PBXTargetDependency section */

/* Begin XCBuildConfiguration section */
		5A405A3A244F4110002D4C76 /* Debug */ = {
			isa = XCBuildConfiguration;
			buildSettings = {
				ALWAYS_SEARCH_USER_PATHS = NO;
				CLANG_ANALYZER_NONNULL = YES;
				CLANG_ANALYZER_NUMBER_OBJECT_CONVERSION = YES_AGGRESSIVE;
				CLANG_CXX_LANGUAGE_STANDARD = "gnu++14";
				CLANG_CXX_LIBRARY = "libc++";
				CLANG_ENABLE_MODULES = YES;
				CLANG_ENABLE_OBJC_ARC = YES;
				CLANG_ENABLE_OBJC_WEAK = YES;
				CLANG_WARN_BLOCK_CAPTURE_AUTORELEASING = YES;
				CLANG_WARN_BOOL_CONVERSION = YES;
				CLANG_WARN_COMMA = YES;
				CLANG_WARN_CONSTANT_CONVERSION = YES;
				CLANG_WARN_DEPRECATED_OBJC_IMPLEMENTATIONS = YES;
				CLANG_WARN_DIRECT_OBJC_ISA_USAGE = YES_ERROR;
				CLANG_WARN_DOCUMENTATION_COMMENTS = YES;
				CLANG_WARN_EMPTY_BODY = YES;
				CLANG_WARN_ENUM_CONVERSION = YES;
				CLANG_WARN_INFINITE_RECURSION = YES;
				CLANG_WARN_INT_CONVERSION = YES;
				CLANG_WARN_NON_LITERAL_NULL_CONVERSION = YES;
				CLANG_WARN_OBJC_IMPLICIT_RETAIN_SELF = YES;
				CLANG_WARN_OBJC_LITERAL_CONVERSION = YES;
				CLANG_WARN_OBJC_ROOT_CLASS = YES_ERROR;
				CLANG_WARN_RANGE_LOOP_ANALYSIS = YES;
				CLANG_WARN_STRICT_PROTOTYPES = YES;
				CLANG_WARN_SUSPICIOUS_MOVE = YES;
				CLANG_WARN_UNGUARDED_AVAILABILITY = YES_AGGRESSIVE;
				CLANG_WARN_UNREACHABLE_CODE = YES;
				CLANG_WARN__DUPLICATE_METHOD_MATCH = YES;
				COPY_PHASE_STRIP = NO;
				DEBUG_INFORMATION_FORMAT = dwarf;
				ENABLE_STRICT_OBJC_MSGSEND = YES;
				ENABLE_TESTABILITY = YES;
				GCC_C_LANGUAGE_STANDARD = gnu11;
				GCC_DYNAMIC_NO_PIC = NO;
				GCC_NO_COMMON_BLOCKS = YES;
				GCC_OPTIMIZATION_LEVEL = 0;
				GCC_PREPROCESSOR_DEFINITIONS = (
					"DEBUG=1",
					"$(inherited)",
				);
				GCC_WARN_64_TO_32_BIT_CONVERSION = YES;
				GCC_WARN_ABOUT_RETURN_TYPE = YES_ERROR;
				GCC_WARN_UNDECLARED_SELECTOR = YES;
				GCC_WARN_UNINITIALIZED_AUTOS = YES_AGGRESSIVE;
				GCC_WARN_UNUSED_FUNCTION = YES;
				GCC_WARN_UNUSED_VARIABLE = YES;
				MTL_ENABLE_DEBUG_INFO = INCLUDE_SOURCE;
				MTL_FAST_MATH = YES;
				ONLY_ACTIVE_ARCH = YES;
				SDKROOT = iphoneos;
				SWIFT_ACTIVE_COMPILATION_CONDITIONS = DEBUG;
				SWIFT_OPTIMIZATION_LEVEL = "-Onone";
			};
			name = Debug;
		};
		5A405A3B244F4110002D4C76 /* Release */ = {
			isa = XCBuildConfiguration;
			buildSettings = {
				ALWAYS_SEARCH_USER_PATHS = NO;
				CLANG_ANALYZER_NONNULL = YES;
				CLANG_ANALYZER_NUMBER_OBJECT_CONVERSION = YES_AGGRESSIVE;
				CLANG_CXX_LANGUAGE_STANDARD = "gnu++14";
				CLANG_CXX_LIBRARY = "libc++";
				CLANG_ENABLE_MODULES = YES;
				CLANG_ENABLE_OBJC_ARC = YES;
				CLANG_ENABLE_OBJC_WEAK = YES;
				CLANG_WARN_BLOCK_CAPTURE_AUTORELEASING = YES;
				CLANG_WARN_BOOL_CONVERSION = YES;
				CLANG_WARN_COMMA = YES;
				CLANG_WARN_CONSTANT_CONVERSION = YES;
				CLANG_WARN_DEPRECATED_OBJC_IMPLEMENTATIONS = YES;
				CLANG_WARN_DIRECT_OBJC_ISA_USAGE = YES_ERROR;
				CLANG_WARN_DOCUMENTATION_COMMENTS = YES;
				CLANG_WARN_EMPTY_BODY = YES;
				CLANG_WARN_ENUM_CONVERSION = YES;
				CLANG_WARN_INFINITE_RECURSION = YES;
				CLANG_WARN_INT_CONVERSION = YES;
				CLANG_WARN_NON_LITERAL_NULL_CONVERSION = YES;
				CLANG_WARN_OBJC_IMPLICIT_RETAIN_SELF = YES;
				CLANG_WARN_OBJC_LITERAL_CONVERSION = YES;
				CLANG_WARN_OBJC_ROOT_CLASS = YES_ERROR;
				CLANG_WARN_RANGE_LOOP_ANALYSIS = YES;
				CLANG_WARN_STRICT_PROTOTYPES = YES;
				CLANG_WARN_SUSPICIOUS_MOVE = YES;
				CLANG_WARN_UNGUARDED_AVAILABILITY = YES_AGGRESSIVE;
				CLANG_WARN_UNREACHABLE_CODE = YES;
				CLANG_WARN__DUPLICATE_METHOD_MATCH = YES;
				COPY_PHASE_STRIP = NO;
				DEBUG_INFORMATION_FORMAT = "dwarf-with-dsym";
				ENABLE_NS_ASSERTIONS = NO;
				ENABLE_STRICT_OBJC_MSGSEND = YES;
				GCC_C_LANGUAGE_STANDARD = gnu11;
				GCC_NO_COMMON_BLOCKS = YES;
				GCC_WARN_64_TO_32_BIT_CONVERSION = YES;
				GCC_WARN_ABOUT_RETURN_TYPE = YES_ERROR;
				GCC_WARN_UNDECLARED_SELECTOR = YES;
				GCC_WARN_UNINITIALIZED_AUTOS = YES_AGGRESSIVE;
				GCC_WARN_UNUSED_FUNCTION = YES;
				GCC_WARN_UNUSED_VARIABLE = YES;
				MTL_ENABLE_DEBUG_INFO = NO;
				MTL_FAST_MATH = YES;
				SDKROOT = iphoneos;
				SWIFT_COMPILATION_MODE = wholemodule;
				SWIFT_OPTIMIZATION_LEVEL = "-O";
				VALIDATE_PRODUCT = YES;
			};
			name = Release;
		};
		5A405A3D244F4110002D4C76 /* Debug */ = {
			isa = XCBuildConfiguration;
			buildSettings = {
				ASSETCATALOG_COMPILER_APPICON_NAME = AppIcon;
				CODE_SIGN_STYLE = Automatic;
				DEVELOPMENT_TEAM = "";
				ENABLE_PREVIEWS = YES;
				INFOPLIST_FILE = MotionManager/Info.plist;
				LD_RUNPATH_SEARCH_PATHS = (
					"$(inherited)",
					"@executable_path/Frameworks",
				);
				PRODUCT_BUNDLE_IDENTIFIER = co.pointfree.MotionManager;
				PRODUCT_MODULE_NAME = "$(PRODUCT_NAME:c99extidentifier)Demo";
				PRODUCT_NAME = "$(TARGET_NAME)";
				SWIFT_VERSION = 5.0;
				TARGETED_DEVICE_FAMILY = "1,2";
			};
			name = Debug;
		};
		5A405A3E244F4110002D4C76 /* Release */ = {
			isa = XCBuildConfiguration;
			buildSettings = {
				ASSETCATALOG_COMPILER_APPICON_NAME = AppIcon;
				CODE_SIGN_STYLE = Automatic;
				DEVELOPMENT_TEAM = "";
				ENABLE_PREVIEWS = YES;
				INFOPLIST_FILE = MotionManager/Info.plist;
				LD_RUNPATH_SEARCH_PATHS = (
					"$(inherited)",
					"@executable_path/Frameworks",
				);
				PRODUCT_BUNDLE_IDENTIFIER = co.pointfree.MotionManager;
				PRODUCT_MODULE_NAME = "$(PRODUCT_NAME:c99extidentifier)Demo";
				PRODUCT_NAME = "$(TARGET_NAME)";
				SWIFT_VERSION = 5.0;
				TARGETED_DEVICE_FAMILY = "1,2";
			};
			name = Release;
		};
		CA0F9323244FE3F000E85985 /* Debug */ = {
			isa = XCBuildConfiguration;
			buildSettings = {
				BUNDLE_LOADER = "$(TEST_HOST)";
				CODE_SIGN_STYLE = Automatic;
				INFOPLIST_FILE = MotionManagerTests/Info.plist;
				LD_RUNPATH_SEARCH_PATHS = (
					"$(inherited)",
					"@executable_path/Frameworks",
					"@loader_path/Frameworks",
				);
				PRODUCT_BUNDLE_IDENTIFIER = co.pointfree.MotionManagerTests;
				PRODUCT_NAME = "$(TARGET_NAME)";
				SWIFT_VERSION = 5.0;
				TARGETED_DEVICE_FAMILY = "1,2";
				TEST_HOST = "$(BUILT_PRODUCTS_DIR)/MotionManager.app/MotionManager";
			};
			name = Debug;
		};
		CA0F9324244FE3F000E85985 /* Release */ = {
			isa = XCBuildConfiguration;
			buildSettings = {
				BUNDLE_LOADER = "$(TEST_HOST)";
				CODE_SIGN_STYLE = Automatic;
				INFOPLIST_FILE = MotionManagerTests/Info.plist;
				LD_RUNPATH_SEARCH_PATHS = (
					"$(inherited)",
					"@executable_path/Frameworks",
					"@loader_path/Frameworks",
				);
				PRODUCT_BUNDLE_IDENTIFIER = co.pointfree.MotionManagerTests;
				PRODUCT_NAME = "$(TARGET_NAME)";
				SWIFT_VERSION = 5.0;
				TARGETED_DEVICE_FAMILY = "1,2";
				TEST_HOST = "$(BUILT_PRODUCTS_DIR)/MotionManager.app/MotionManager";
			};
			name = Release;
		};
/* End XCBuildConfiguration section */

/* Begin XCConfigurationList section */
		5A405A23244F410F002D4C76 /* Build configuration list for PBXProject "MotionManager" */ = {
			isa = XCConfigurationList;
			buildConfigurations = (
				5A405A3A244F4110002D4C76 /* Debug */,
				5A405A3B244F4110002D4C76 /* Release */,
			);
			defaultConfigurationIsVisible = 0;
			defaultConfigurationName = Release;
		};
		5A405A3C244F4110002D4C76 /* Build configuration list for PBXNativeTarget "MotionManager" */ = {
			isa = XCConfigurationList;
			buildConfigurations = (
				5A405A3D244F4110002D4C76 /* Debug */,
				5A405A3E244F4110002D4C76 /* Release */,
			);
			defaultConfigurationIsVisible = 0;
			defaultConfigurationName = Release;
		};
		CA0F9325244FE3F000E85985 /* Build configuration list for PBXNativeTarget "MotionManagerTests" */ = {
			isa = XCConfigurationList;
			buildConfigurations = (
				CA0F9323244FE3F000E85985 /* Debug */,
				CA0F9324244FE3F000E85985 /* Release */,
			);
			defaultConfigurationIsVisible = 0;
			defaultConfigurationName = Release;
		};
/* End XCConfigurationList section */

/* Begin XCSwiftPackageProductDependency section */
		CA01F8922479B2FF004C5C0D /* ComposableCoreMotion */ = {
			isa = XCSwiftPackageProductDependency;
			productName = ComposableCoreMotion;
		};
		DC1394112469E2E100EE1157 /* ComposableArchitecture */ = {
			isa = XCSwiftPackageProductDependency;
			productName = ComposableArchitecture;
		};
/* End XCSwiftPackageProductDependency section */
	};
	rootObject = 5A405A20244F410F002D4C76 /* Project object */;
}
