// !$*UTF8*$!
{
	archiveVersion = 1;
	classes = {
	};
	objectVersion = 52;
	objects = {

/* Begin PBXBuildFile section */
		CA17CC0F24720BBA00BDDF11 /* SceneDelegate.swift in Sources */ = {isa = PBXBuildFile; fileRef = CA17CC0E24720BBA00BDDF11 /* SceneDelegate.swift */; };
		CA17CC1124720BBA00BDDF11 /* LocationManagerView.swift in Sources */ = {isa = PBXBuildFile; fileRef = CA17CC1024720BBA00BDDF11 /* LocationManagerView.swift */; };
		CA17CC1324720BBB00BDDF11 /* Assets.xcassets in Resources */ = {isa = PBXBuildFile; fileRef = CA17CC1224720BBB00BDDF11 /* Assets.xcassets */; };
		CA17CC3924720BEB00BDDF11 /* ComposableArchitecture in Frameworks */ = {isa = PBXBuildFile; productRef = CA17CC3824720BEB00BDDF11 /* ComposableArchitecture */; };
		CA17CCB62474582000BDDF11 /* ComposableCoreLocation in Frameworks */ = {isa = PBXBuildFile; productRef = CA17CCB52474582000BDDF11 /* ComposableCoreLocation */; };
		CA17CCC024745B1000BDDF11 /* AppDelegate.swift in Sources */ = {isa = PBXBuildFile; fileRef = CA17CCBF24745B1000BDDF11 /* AppDelegate.swift */; };
		CA17CCC224745B1000BDDF11 /* LocationManagerView.swift in Sources */ = {isa = PBXBuildFile; fileRef = CA17CCC124745B1000BDDF11 /* LocationManagerView.swift */; };
		CA17CCC424745B1000BDDF11 /* Assets.xcassets in Resources */ = {isa = PBXBuildFile; fileRef = CA17CCC324745B1000BDDF11 /* Assets.xcassets */; };
		CA17CCE324745B1A00BDDF11 /* ComposableArchitecture in Frameworks */ = {isa = PBXBuildFile; productRef = CA17CCE224745B1A00BDDF11 /* ComposableArchitecture */; };
		CA17CCE524745B1A00BDDF11 /* ComposableCoreLocation in Frameworks */ = {isa = PBXBuildFile; productRef = CA17CCE424745B1A00BDDF11 /* ComposableCoreLocation */; };
		CA74947D2474A4F100B13019 /* MapView.swift in Sources */ = {isa = PBXBuildFile; fileRef = CA74946B2474A4F100B13019 /* MapView.swift */; };
		CA74947E2474A4F100B13019 /* MapView.swift in Sources */ = {isa = PBXBuildFile; fileRef = CA74946B2474A4F100B13019 /* MapView.swift */; };
		CA74947F2474A4F100B13019 /* Helpers.swift in Sources */ = {isa = PBXBuildFile; fileRef = CA74946C2474A4F100B13019 /* Helpers.swift */; };
		CA7494802474A4F100B13019 /* Helpers.swift in Sources */ = {isa = PBXBuildFile; fileRef = CA74946C2474A4F100B13019 /* Helpers.swift */; };
		CA7494812474A4F100B13019 /* Mock.swift in Sources */ = {isa = PBXBuildFile; fileRef = CA74946E2474A4F100B13019 /* Mock.swift */; };
		CA7494822474A4F100B13019 /* Mock.swift in Sources */ = {isa = PBXBuildFile; fileRef = CA74946E2474A4F100B13019 /* Mock.swift */; };
		CA7494832474A4F100B13019 /* Client.swift in Sources */ = {isa = PBXBuildFile; fileRef = CA74946F2474A4F100B13019 /* Client.swift */; };
		CA7494842474A4F100B13019 /* Client.swift in Sources */ = {isa = PBXBuildFile; fileRef = CA74946F2474A4F100B13019 /* Client.swift */; };
		CA7494852474A4F100B13019 /* Models.swift in Sources */ = {isa = PBXBuildFile; fileRef = CA7494702474A4F100B13019 /* Models.swift */; };
		CA7494862474A4F100B13019 /* Models.swift in Sources */ = {isa = PBXBuildFile; fileRef = CA7494702474A4F100B13019 /* Models.swift */; };
		CA7494872474A4F100B13019 /* Live.swift in Sources */ = {isa = PBXBuildFile; fileRef = CA7494712474A4F100B13019 /* Live.swift */; };
		CA7494882474A4F100B13019 /* Live.swift in Sources */ = {isa = PBXBuildFile; fileRef = CA7494712474A4F100B13019 /* Live.swift */; };
		CA7494892474A4F100B13019 /* AppCore.swift in Sources */ = {isa = PBXBuildFile; fileRef = CA7494722474A4F100B13019 /* AppCore.swift */; };
		CA74948A2474A4F100B13019 /* AppCore.swift in Sources */ = {isa = PBXBuildFile; fileRef = CA7494722474A4F100B13019 /* AppCore.swift */; };
		CA7494A02474A5C800B13019 /* CommonTests.swift in Sources */ = {isa = PBXBuildFile; fileRef = CA74949F2474A5C800B13019 /* CommonTests.swift */; };
		CA7494AF2474A65B00B13019 /* CommonTests.swift in Sources */ = {isa = PBXBuildFile; fileRef = CA74949F2474A5C800B13019 /* CommonTests.swift */; };
		DCBBE4A624747E1700DF4AC4 /* Main.storyboard in Resources */ = {isa = PBXBuildFile; fileRef = DCBBE4A424747DCF00DF4AC4 /* Main.storyboard */; };
/* End PBXBuildFile section */

/* Begin PBXContainerItemProxy section */
		CA74949A2474A59000B13019 /* PBXContainerItemProxy */ = {
			isa = PBXContainerItemProxy;
			containerPortal = CA17CC0124720BBA00BDDF11 /* Project object */;
			proxyType = 1;
			remoteGlobalIDString = CA17CC0824720BBA00BDDF11;
			remoteInfo = LocationManagerMobile;
		};
		CA7494AA2474A65400B13019 /* PBXContainerItemProxy */ = {
			isa = PBXContainerItemProxy;
			containerPortal = CA17CC0124720BBA00BDDF11 /* Project object */;
			proxyType = 1;
			remoteGlobalIDString = CA17CCBC24745B1000BDDF11;
			remoteInfo = LocationManagerDesktop;
		};
/* End PBXContainerItemProxy section */

/* Begin PBXFileReference section */
		CA17CC0924720BBA00BDDF11 /* LocationManagerMobile.app */ = {isa = PBXFileReference; explicitFileType = wrapper.application; includeInIndex = 0; path = LocationManagerMobile.app; sourceTree = BUILT_PRODUCTS_DIR; };
		CA17CC0E24720BBA00BDDF11 /* SceneDelegate.swift */ = {isa = PBXFileReference; lastKnownFileType = sourcecode.swift; path = SceneDelegate.swift; sourceTree = "<group>"; };
		CA17CC1024720BBA00BDDF11 /* LocationManagerView.swift */ = {isa = PBXFileReference; lastKnownFileType = sourcecode.swift; path = LocationManagerView.swift; sourceTree = "<group>"; };
		CA17CC1224720BBB00BDDF11 /* Assets.xcassets */ = {isa = PBXFileReference; lastKnownFileType = folder.assetcatalog; path = Assets.xcassets; sourceTree = "<group>"; };
		CA17CC1A24720BBB00BDDF11 /* Info.plist */ = {isa = PBXFileReference; lastKnownFileType = text.plist.xml; path = Info.plist; sourceTree = "<group>"; };
		CA17CCBD24745B1000BDDF11 /* LocationManagerDesktop.app */ = {isa = PBXFileReference; explicitFileType = wrapper.application; includeInIndex = 0; path = LocationManagerDesktop.app; sourceTree = BUILT_PRODUCTS_DIR; };
		CA17CCBF24745B1000BDDF11 /* AppDelegate.swift */ = {isa = PBXFileReference; lastKnownFileType = sourcecode.swift; path = AppDelegate.swift; sourceTree = "<group>"; };
		CA17CCC124745B1000BDDF11 /* LocationManagerView.swift */ = {isa = PBXFileReference; lastKnownFileType = sourcecode.swift; path = LocationManagerView.swift; sourceTree = "<group>"; };
		CA17CCC324745B1000BDDF11 /* Assets.xcassets */ = {isa = PBXFileReference; lastKnownFileType = folder.assetcatalog; path = Assets.xcassets; sourceTree = "<group>"; };
		CA17CCCB24745B1000BDDF11 /* Info.plist */ = {isa = PBXFileReference; lastKnownFileType = text.plist.xml; path = Info.plist; sourceTree = "<group>"; };
		CA17CCCC24745B1000BDDF11 /* LocationManagerDesktop.entitlements */ = {isa = PBXFileReference; lastKnownFileType = text.plist.entitlements; path = LocationManagerDesktop.entitlements; sourceTree = "<group>"; };
		CA74946B2474A4F100B13019 /* MapView.swift */ = {isa = PBXFileReference; fileEncoding = 4; lastKnownFileType = sourcecode.swift; path = MapView.swift; sourceTree = "<group>"; };
		CA74946C2474A4F100B13019 /* Helpers.swift */ = {isa = PBXFileReference; fileEncoding = 4; lastKnownFileType = sourcecode.swift; path = Helpers.swift; sourceTree = "<group>"; };
		CA74946E2474A4F100B13019 /* Mock.swift */ = {isa = PBXFileReference; fileEncoding = 4; lastKnownFileType = sourcecode.swift; path = Mock.swift; sourceTree = "<group>"; };
		CA74946F2474A4F100B13019 /* Client.swift */ = {isa = PBXFileReference; fileEncoding = 4; lastKnownFileType = sourcecode.swift; path = Client.swift; sourceTree = "<group>"; };
		CA7494702474A4F100B13019 /* Models.swift */ = {isa = PBXFileReference; fileEncoding = 4; lastKnownFileType = sourcecode.swift; path = Models.swift; sourceTree = "<group>"; };
		CA7494712474A4F100B13019 /* Live.swift */ = {isa = PBXFileReference; fileEncoding = 4; lastKnownFileType = sourcecode.swift; path = Live.swift; sourceTree = "<group>"; };
		CA7494722474A4F100B13019 /* AppCore.swift */ = {isa = PBXFileReference; fileEncoding = 4; lastKnownFileType = sourcecode.swift; path = AppCore.swift; sourceTree = "<group>"; };
		CA7494952474A59000B13019 /* LocationManagerMobileTests.xctest */ = {isa = PBXFileReference; explicitFileType = wrapper.cfbundle; includeInIndex = 0; path = LocationManagerMobileTests.xctest; sourceTree = BUILT_PRODUCTS_DIR; };
		CA74949F2474A5C800B13019 /* CommonTests.swift */ = {isa = PBXFileReference; fileEncoding = 4; lastKnownFileType = sourcecode.swift; path = CommonTests.swift; sourceTree = "<group>"; };
		CA7494A52474A65400B13019 /* LocationManagerDesktopTests.xctest */ = {isa = PBXFileReference; explicitFileType = wrapper.cfbundle; includeInIndex = 0; path = LocationManagerDesktopTests.xctest; sourceTree = BUILT_PRODUCTS_DIR; };
		CA7494BE2474C14E00B13019 /* Info.plist */ = {isa = PBXFileReference; lastKnownFileType = text.plist.xml; path = Info.plist; sourceTree = "<group>"; };
		DCBBE4A524747DCF00DF4AC4 /* Base */ = {isa = PBXFileReference; lastKnownFileType = file.storyboard; name = Base; path = Base.lproj/Main.storyboard; sourceTree = "<group>"; };
/* End PBXFileReference section */

/* Begin PBXFrameworksBuildPhase section */
		CA17CC0624720BBA00BDDF11 /* Frameworks */ = {
			isa = PBXFrameworksBuildPhase;
			buildActionMask = 2147483647;
			files = (
				CA17CCB62474582000BDDF11 /* ComposableCoreLocation in Frameworks */,
				CA17CC3924720BEB00BDDF11 /* ComposableArchitecture in Frameworks */,
			);
			runOnlyForDeploymentPostprocessing = 0;
		};
		CA17CCBA24745B1000BDDF11 /* Frameworks */ = {
			isa = PBXFrameworksBuildPhase;
			buildActionMask = 2147483647;
			files = (
				CA17CCE524745B1A00BDDF11 /* ComposableCoreLocation in Frameworks */,
				CA17CCE324745B1A00BDDF11 /* ComposableArchitecture in Frameworks */,
			);
			runOnlyForDeploymentPostprocessing = 0;
		};
		CA7494922474A59000B13019 /* Frameworks */ = {
			isa = PBXFrameworksBuildPhase;
			buildActionMask = 2147483647;
			files = (
			);
			runOnlyForDeploymentPostprocessing = 0;
		};
		CA7494A22474A65400B13019 /* Frameworks */ = {
			isa = PBXFrameworksBuildPhase;
			buildActionMask = 2147483647;
			files = (
			);
			runOnlyForDeploymentPostprocessing = 0;
		};
/* End PBXFrameworksBuildPhase section */

/* Begin PBXGroup section */
		CA17CC0024720BBA00BDDF11 = {
			isa = PBXGroup;
			children = (
				CA74946A2474A4F100B13019 /* Common */,
				CA7494962474A59000B13019 /* CommonTests */,
				CA17CCBE24745B1000BDDF11 /* Desktop */,
				CA17CC3724720BEB00BDDF11 /* Frameworks */,
				CA17CC0B24720BBA00BDDF11 /* Mobile */,
				CA17CC0A24720BBA00BDDF11 /* Products */,
			);
			sourceTree = "<group>";
		};
		CA17CC0A24720BBA00BDDF11 /* Products */ = {
			isa = PBXGroup;
			children = (
				CA17CC0924720BBA00BDDF11 /* LocationManagerMobile.app */,
				CA17CCBD24745B1000BDDF11 /* LocationManagerDesktop.app */,
				CA7494952474A59000B13019 /* LocationManagerMobileTests.xctest */,
				CA7494A52474A65400B13019 /* LocationManagerDesktopTests.xctest */,
			);
			name = Products;
			sourceTree = "<group>";
		};
		CA17CC0B24720BBA00BDDF11 /* Mobile */ = {
			isa = PBXGroup;
			children = (
				CA17CC1A24720BBB00BDDF11 /* Info.plist */,
				CA17CC1024720BBA00BDDF11 /* LocationManagerView.swift */,
				CA17CC0E24720BBA00BDDF11 /* SceneDelegate.swift */,
				CA17CC1224720BBB00BDDF11 /* Assets.xcassets */,
			);
			path = Mobile;
			sourceTree = "<group>";
		};
		CA17CC3724720BEB00BDDF11 /* Frameworks */ = {
			isa = PBXGroup;
			children = (
			);
			name = Frameworks;
			sourceTree = "<group>";
		};
		CA17CCBE24745B1000BDDF11 /* Desktop */ = {
			isa = PBXGroup;
			children = (
				CA17CCCC24745B1000BDDF11 /* LocationManagerDesktop.entitlements */,
				CA17CCCB24745B1000BDDF11 /* Info.plist */,
				CA17CCBF24745B1000BDDF11 /* AppDelegate.swift */,
				CA17CCC124745B1000BDDF11 /* LocationManagerView.swift */,
				CA17CCC324745B1000BDDF11 /* Assets.xcassets */,
				DCBBE4A424747DCF00DF4AC4 /* Main.storyboard */,
			);
			path = Desktop;
			sourceTree = "<group>";
		};
		CA74946A2474A4F100B13019 /* Common */ = {
			isa = PBXGroup;
			children = (
				CA7494722474A4F100B13019 /* AppCore.swift */,
				CA74946C2474A4F100B13019 /* Helpers.swift */,
				CA74946B2474A4F100B13019 /* MapView.swift */,
				CA74946D2474A4F100B13019 /* LocalSearchClient */,
			);
			path = Common;
			sourceTree = "<group>";
		};
		CA74946D2474A4F100B13019 /* LocalSearchClient */ = {
			isa = PBXGroup;
			children = (
				CA74946E2474A4F100B13019 /* Mock.swift */,
				CA74946F2474A4F100B13019 /* Client.swift */,
				CA7494702474A4F100B13019 /* Models.swift */,
				CA7494712474A4F100B13019 /* Live.swift */,
			);
			path = LocalSearchClient;
			sourceTree = "<group>";
		};
		CA7494962474A59000B13019 /* CommonTests */ = {
			isa = PBXGroup;
			children = (
				CA7494BE2474C14E00B13019 /* Info.plist */,
				CA74949F2474A5C800B13019 /* CommonTests.swift */,
			);
			path = CommonTests;
			sourceTree = "<group>";
		};
/* End PBXGroup section */

/* Begin PBXNativeTarget section */
		CA17CC0824720BBA00BDDF11 /* LocationManagerMobile */ = {
			isa = PBXNativeTarget;
			buildConfigurationList = CA17CC2824720BBB00BDDF11 /* Build configuration list for PBXNativeTarget "LocationManagerMobile" */;
			buildPhases = (
				CA17CC0524720BBA00BDDF11 /* Sources */,
				CA17CC0624720BBA00BDDF11 /* Frameworks */,
				CA17CC0724720BBA00BDDF11 /* Resources */,
			);
			buildRules = (
			);
			dependencies = (
			);
			name = LocationManagerMobile;
			packageProductDependencies = (
				CA17CC3824720BEB00BDDF11 /* ComposableArchitecture */,
				CA17CCB52474582000BDDF11 /* ComposableCoreLocation */,
			);
			productName = LocationManager;
			productReference = CA17CC0924720BBA00BDDF11 /* LocationManagerMobile.app */;
			productType = "com.apple.product-type.application";
		};
		CA17CCBC24745B1000BDDF11 /* LocationManagerDesktop */ = {
			isa = PBXNativeTarget;
			buildConfigurationList = CA17CCD824745B1000BDDF11 /* Build configuration list for PBXNativeTarget "LocationManagerDesktop" */;
			buildPhases = (
				CA17CCB924745B1000BDDF11 /* Sources */,
				CA17CCBA24745B1000BDDF11 /* Frameworks */,
				CA17CCBB24745B1000BDDF11 /* Resources */,
			);
			buildRules = (
			);
			dependencies = (
			);
			name = LocationManagerDesktop;
			packageProductDependencies = (
				CA17CCE224745B1A00BDDF11 /* ComposableArchitecture */,
				CA17CCE424745B1A00BDDF11 /* ComposableCoreLocation */,
			);
			productName = LocationManagerDesktop;
			productReference = CA17CCBD24745B1000BDDF11 /* LocationManagerDesktop.app */;
			productType = "com.apple.product-type.application";
		};
		CA7494942474A59000B13019 /* LocationManagerMobileTests */ = {
			isa = PBXNativeTarget;
			buildConfigurationList = CA74949C2474A59000B13019 /* Build configuration list for PBXNativeTarget "LocationManagerMobileTests" */;
			buildPhases = (
				CA7494912474A59000B13019 /* Sources */,
				CA7494922474A59000B13019 /* Frameworks */,
				CA7494932474A59000B13019 /* Resources */,
			);
			buildRules = (
			);
			dependencies = (
				CA74949B2474A59000B13019 /* PBXTargetDependency */,
			);
			name = LocationManagerMobileTests;
			productName = LocationManagerMobileTests;
			productReference = CA7494952474A59000B13019 /* LocationManagerMobileTests.xctest */;
			productType = "com.apple.product-type.bundle.unit-test";
		};
		CA7494A42474A65400B13019 /* LocationManagerDesktopTests */ = {
			isa = PBXNativeTarget;
			buildConfigurationList = CA7494AC2474A65400B13019 /* Build configuration list for PBXNativeTarget "LocationManagerDesktopTests" */;
			buildPhases = (
				CA7494A12474A65400B13019 /* Sources */,
				CA7494A22474A65400B13019 /* Frameworks */,
				CA7494A32474A65400B13019 /* Resources */,
			);
			buildRules = (
			);
			dependencies = (
				CA7494AB2474A65400B13019 /* PBXTargetDependency */,
			);
			name = LocationManagerDesktopTests;
			productName = LocationManagerDesktopTests;
			productReference = CA7494A52474A65400B13019 /* LocationManagerDesktopTests.xctest */;
			productType = "com.apple.product-type.bundle.unit-test";
		};
/* End PBXNativeTarget section */

/* Begin PBXProject section */
		CA17CC0124720BBA00BDDF11 /* Project object */ = {
			isa = PBXProject;
			attributes = {
				LastSwiftUpdateCheck = 1140;
				LastUpgradeCheck = 1140;
				ORGANIZATIONNAME = "Brandon Williams";
				TargetAttributes = {
					CA17CC0824720BBA00BDDF11 = {
						CreatedOnToolsVersion = 11.4.1;
					};
					CA17CCBC24745B1000BDDF11 = {
						CreatedOnToolsVersion = 11.4.1;
					};
					CA7494942474A59000B13019 = {
						CreatedOnToolsVersion = 11.4.1;
						TestTargetID = CA17CC0824720BBA00BDDF11;
					};
					CA7494A42474A65400B13019 = {
						CreatedOnToolsVersion = 11.4.1;
						TestTargetID = CA17CCBC24745B1000BDDF11;
					};
				};
			};
			buildConfigurationList = CA17CC0424720BBA00BDDF11 /* Build configuration list for PBXProject "LocationManager" */;
			compatibilityVersion = "Xcode 9.3";
			developmentRegion = en;
			hasScannedForEncodings = 0;
			knownRegions = (
				en,
				Base,
			);
			mainGroup = CA17CC0024720BBA00BDDF11;
			productRefGroup = CA17CC0A24720BBA00BDDF11 /* Products */;
			projectDirPath = "";
			projectRoot = "";
			targets = (
				CA17CC0824720BBA00BDDF11 /* LocationManagerMobile */,
				CA7494942474A59000B13019 /* LocationManagerMobileTests */,
				CA17CCBC24745B1000BDDF11 /* LocationManagerDesktop */,
				CA7494A42474A65400B13019 /* LocationManagerDesktopTests */,
			);
		};
/* End PBXProject section */

/* Begin PBXResourcesBuildPhase section */
		CA17CC0724720BBA00BDDF11 /* Resources */ = {
			isa = PBXResourcesBuildPhase;
			buildActionMask = 2147483647;
			files = (
				CA17CC1324720BBB00BDDF11 /* Assets.xcassets in Resources */,
			);
			runOnlyForDeploymentPostprocessing = 0;
		};
		CA17CCBB24745B1000BDDF11 /* Resources */ = {
			isa = PBXResourcesBuildPhase;
			buildActionMask = 2147483647;
			files = (
				DCBBE4A624747E1700DF4AC4 /* Main.storyboard in Resources */,
				CA17CCC424745B1000BDDF11 /* Assets.xcassets in Resources */,
			);
			runOnlyForDeploymentPostprocessing = 0;
		};
		CA7494932474A59000B13019 /* Resources */ = {
			isa = PBXResourcesBuildPhase;
			buildActionMask = 2147483647;
			files = (
			);
			runOnlyForDeploymentPostprocessing = 0;
		};
		CA7494A32474A65400B13019 /* Resources */ = {
			isa = PBXResourcesBuildPhase;
			buildActionMask = 2147483647;
			files = (
			);
			runOnlyForDeploymentPostprocessing = 0;
		};
/* End PBXResourcesBuildPhase section */

/* Begin PBXSourcesBuildPhase section */
		CA17CC0524720BBA00BDDF11 /* Sources */ = {
			isa = PBXSourcesBuildPhase;
			buildActionMask = 2147483647;
			files = (
				CA7494892474A4F100B13019 /* AppCore.swift in Sources */,
				CA17CC0F24720BBA00BDDF11 /* SceneDelegate.swift in Sources */,
				CA7494812474A4F100B13019 /* Mock.swift in Sources */,
				CA7494832474A4F100B13019 /* Client.swift in Sources */,
				CA74947D2474A4F100B13019 /* MapView.swift in Sources */,
				CA17CC1124720BBA00BDDF11 /* LocationManagerView.swift in Sources */,
				CA7494872474A4F100B13019 /* Live.swift in Sources */,
				CA74947F2474A4F100B13019 /* Helpers.swift in Sources */,
				CA7494852474A4F100B13019 /* Models.swift in Sources */,
			);
			runOnlyForDeploymentPostprocessing = 0;
		};
		CA17CCB924745B1000BDDF11 /* Sources */ = {
			isa = PBXSourcesBuildPhase;
			buildActionMask = 2147483647;
			files = (
				CA74948A2474A4F100B13019 /* AppCore.swift in Sources */,
				CA17CCC224745B1000BDDF11 /* LocationManagerView.swift in Sources */,
				CA7494822474A4F100B13019 /* Mock.swift in Sources */,
				CA7494842474A4F100B13019 /* Client.swift in Sources */,
				CA74947E2474A4F100B13019 /* MapView.swift in Sources */,
				CA17CCC024745B1000BDDF11 /* AppDelegate.swift in Sources */,
				CA7494882474A4F100B13019 /* Live.swift in Sources */,
				CA7494802474A4F100B13019 /* Helpers.swift in Sources */,
				CA7494862474A4F100B13019 /* Models.swift in Sources */,
			);
			runOnlyForDeploymentPostprocessing = 0;
		};
		CA7494912474A59000B13019 /* Sources */ = {
			isa = PBXSourcesBuildPhase;
			buildActionMask = 2147483647;
			files = (
				CA7494A02474A5C800B13019 /* CommonTests.swift in Sources */,
			);
			runOnlyForDeploymentPostprocessing = 0;
		};
		CA7494A12474A65400B13019 /* Sources */ = {
			isa = PBXSourcesBuildPhase;
			buildActionMask = 2147483647;
			files = (
				CA7494AF2474A65B00B13019 /* CommonTests.swift in Sources */,
			);
			runOnlyForDeploymentPostprocessing = 0;
		};
/* End PBXSourcesBuildPhase section */

/* Begin PBXTargetDependency section */
		CA74949B2474A59000B13019 /* PBXTargetDependency */ = {
			isa = PBXTargetDependency;
			target = CA17CC0824720BBA00BDDF11 /* LocationManagerMobile */;
			targetProxy = CA74949A2474A59000B13019 /* PBXContainerItemProxy */;
		};
		CA7494AB2474A65400B13019 /* PBXTargetDependency */ = {
			isa = PBXTargetDependency;
			target = CA17CCBC24745B1000BDDF11 /* LocationManagerDesktop */;
			targetProxy = CA7494AA2474A65400B13019 /* PBXContainerItemProxy */;
		};
/* End PBXTargetDependency section */

/* Begin PBXVariantGroup section */
		DCBBE4A424747DCF00DF4AC4 /* Main.storyboard */ = {
			isa = PBXVariantGroup;
			children = (
				DCBBE4A524747DCF00DF4AC4 /* Base */,
			);
			name = Main.storyboard;
			sourceTree = "<group>";
		};
/* End PBXVariantGroup section */

/* Begin XCBuildConfiguration section */
		CA17CC2624720BBB00BDDF11 /* Debug */ = {
			isa = XCBuildConfiguration;
			buildSettings = {
				ALWAYS_SEARCH_USER_PATHS = NO;
				CLANG_ANALYZER_NONNULL = YES;
				CLANG_ANALYZER_NUMBER_OBJECT_CONVERSION = YES_AGGRESSIVE;
				CLANG_CXX_LANGUAGE_STANDARD = "gnu++14";
				CLANG_CXX_LIBRARY = "libc++";
				CLANG_ENABLE_MODULES = YES;
				CLANG_ENABLE_OBJC_ARC = YES;
				CLANG_ENABLE_OBJC_WEAK = YES;
				CLANG_WARN_BLOCK_CAPTURE_AUTORELEASING = YES;
				CLANG_WARN_BOOL_CONVERSION = YES;
				CLANG_WARN_COMMA = YES;
				CLANG_WARN_CONSTANT_CONVERSION = YES;
				CLANG_WARN_DEPRECATED_OBJC_IMPLEMENTATIONS = YES;
				CLANG_WARN_DIRECT_OBJC_ISA_USAGE = YES_ERROR;
				CLANG_WARN_DOCUMENTATION_COMMENTS = YES;
				CLANG_WARN_EMPTY_BODY = YES;
				CLANG_WARN_ENUM_CONVERSION = YES;
				CLANG_WARN_INFINITE_RECURSION = YES;
				CLANG_WARN_INT_CONVERSION = YES;
				CLANG_WARN_NON_LITERAL_NULL_CONVERSION = YES;
				CLANG_WARN_OBJC_IMPLICIT_RETAIN_SELF = YES;
				CLANG_WARN_OBJC_LITERAL_CONVERSION = YES;
				CLANG_WARN_OBJC_ROOT_CLASS = YES_ERROR;
				CLANG_WARN_RANGE_LOOP_ANALYSIS = YES;
				CLANG_WARN_STRICT_PROTOTYPES = YES;
				CLANG_WARN_SUSPICIOUS_MOVE = YES;
				CLANG_WARN_UNGUARDED_AVAILABILITY = YES_AGGRESSIVE;
				CLANG_WARN_UNREACHABLE_CODE = YES;
				CLANG_WARN__DUPLICATE_METHOD_MATCH = YES;
				COPY_PHASE_STRIP = NO;
				DEBUG_INFORMATION_FORMAT = dwarf;
				ENABLE_STRICT_OBJC_MSGSEND = YES;
				ENABLE_TESTABILITY = YES;
				GCC_C_LANGUAGE_STANDARD = gnu11;
				GCC_DYNAMIC_NO_PIC = NO;
				GCC_NO_COMMON_BLOCKS = YES;
				GCC_OPTIMIZATION_LEVEL = 0;
				GCC_PREPROCESSOR_DEFINITIONS = (
					"DEBUG=1",
					"$(inherited)",
				);
				GCC_WARN_64_TO_32_BIT_CONVERSION = YES;
				GCC_WARN_ABOUT_RETURN_TYPE = YES_ERROR;
				GCC_WARN_UNDECLARED_SELECTOR = YES;
				GCC_WARN_UNINITIALIZED_AUTOS = YES_AGGRESSIVE;
				GCC_WARN_UNUSED_FUNCTION = YES;
				GCC_WARN_UNUSED_VARIABLE = YES;
				MTL_ENABLE_DEBUG_INFO = INCLUDE_SOURCE;
				MTL_FAST_MATH = YES;
				ONLY_ACTIVE_ARCH = YES;
				SDKROOT = iphoneos;
				SWIFT_ACTIVE_COMPILATION_CONDITIONS = DEBUG;
				SWIFT_OPTIMIZATION_LEVEL = "-Onone";
			};
			name = Debug;
		};
		CA17CC2724720BBB00BDDF11 /* Release */ = {
			isa = XCBuildConfiguration;
			buildSettings = {
				ALWAYS_SEARCH_USER_PATHS = NO;
				CLANG_ANALYZER_NONNULL = YES;
				CLANG_ANALYZER_NUMBER_OBJECT_CONVERSION = YES_AGGRESSIVE;
				CLANG_CXX_LANGUAGE_STANDARD = "gnu++14";
				CLANG_CXX_LIBRARY = "libc++";
				CLANG_ENABLE_MODULES = YES;
				CLANG_ENABLE_OBJC_ARC = YES;
				CLANG_ENABLE_OBJC_WEAK = YES;
				CLANG_WARN_BLOCK_CAPTURE_AUTORELEASING = YES;
				CLANG_WARN_BOOL_CONVERSION = YES;
				CLANG_WARN_COMMA = YES;
				CLANG_WARN_CONSTANT_CONVERSION = YES;
				CLANG_WARN_DEPRECATED_OBJC_IMPLEMENTATIONS = YES;
				CLANG_WARN_DIRECT_OBJC_ISA_USAGE = YES_ERROR;
				CLANG_WARN_DOCUMENTATION_COMMENTS = YES;
				CLANG_WARN_EMPTY_BODY = YES;
				CLANG_WARN_ENUM_CONVERSION = YES;
				CLANG_WARN_INFINITE_RECURSION = YES;
				CLANG_WARN_INT_CONVERSION = YES;
				CLANG_WARN_NON_LITERAL_NULL_CONVERSION = YES;
				CLANG_WARN_OBJC_IMPLICIT_RETAIN_SELF = YES;
				CLANG_WARN_OBJC_LITERAL_CONVERSION = YES;
				CLANG_WARN_OBJC_ROOT_CLASS = YES_ERROR;
				CLANG_WARN_RANGE_LOOP_ANALYSIS = YES;
				CLANG_WARN_STRICT_PROTOTYPES = YES;
				CLANG_WARN_SUSPICIOUS_MOVE = YES;
				CLANG_WARN_UNGUARDED_AVAILABILITY = YES_AGGRESSIVE;
				CLANG_WARN_UNREACHABLE_CODE = YES;
				CLANG_WARN__DUPLICATE_METHOD_MATCH = YES;
				COPY_PHASE_STRIP = NO;
				DEBUG_INFORMATION_FORMAT = "dwarf-with-dsym";
				ENABLE_NS_ASSERTIONS = NO;
				ENABLE_STRICT_OBJC_MSGSEND = YES;
				GCC_C_LANGUAGE_STANDARD = gnu11;
				GCC_NO_COMMON_BLOCKS = YES;
				GCC_WARN_64_TO_32_BIT_CONVERSION = YES;
				GCC_WARN_ABOUT_RETURN_TYPE = YES_ERROR;
				GCC_WARN_UNDECLARED_SELECTOR = YES;
				GCC_WARN_UNINITIALIZED_AUTOS = YES_AGGRESSIVE;
				GCC_WARN_UNUSED_FUNCTION = YES;
				GCC_WARN_UNUSED_VARIABLE = YES;
				MTL_ENABLE_DEBUG_INFO = NO;
				MTL_FAST_MATH = YES;
				SDKROOT = iphoneos;
				SWIFT_COMPILATION_MODE = wholemodule;
				SWIFT_OPTIMIZATION_LEVEL = "-O";
				VALIDATE_PRODUCT = YES;
			};
			name = Release;
		};
		CA17CC2924720BBB00BDDF11 /* Debug */ = {
			isa = XCBuildConfiguration;
			buildSettings = {
				ASSETCATALOG_COMPILER_APPICON_NAME = AppIcon;
				CODE_SIGN_STYLE = Automatic;
				ENABLE_PREVIEWS = YES;
				INFOPLIST_FILE = Mobile/Info.plist;
				LD_RUNPATH_SEARCH_PATHS = (
					"$(inherited)",
					"@executable_path/Frameworks",
				);
				PRODUCT_BUNDLE_IDENTIFIER = co.pointfree.LocationManager;
				PRODUCT_NAME = "$(TARGET_NAME)";
				SWIFT_VERSION = 5.0;
				TARGETED_DEVICE_FAMILY = "1,2";
			};
			name = Debug;
		};
		CA17CC2A24720BBB00BDDF11 /* Release */ = {
			isa = XCBuildConfiguration;
			buildSettings = {
				ASSETCATALOG_COMPILER_APPICON_NAME = AppIcon;
				CODE_SIGN_STYLE = Automatic;
				ENABLE_PREVIEWS = YES;
				INFOPLIST_FILE = Mobile/Info.plist;
				LD_RUNPATH_SEARCH_PATHS = (
					"$(inherited)",
					"@executable_path/Frameworks",
				);
				PRODUCT_BUNDLE_IDENTIFIER = co.pointfree.LocationManager;
				PRODUCT_NAME = "$(TARGET_NAME)";
				SWIFT_VERSION = 5.0;
				TARGETED_DEVICE_FAMILY = "1,2";
			};
			name = Release;
		};
		CA17CCD924745B1000BDDF11 /* Debug */ = {
			isa = XCBuildConfiguration;
			buildSettings = {
				ASSETCATALOG_COMPILER_APPICON_NAME = AppIcon;
				CODE_SIGN_ENTITLEMENTS = LocationManagerDesktop/LocationManagerDesktop.entitlements;
				CODE_SIGN_STYLE = Automatic;
				COMBINE_HIDPI_IMAGES = YES;
				ENABLE_PREVIEWS = YES;
				INFOPLIST_FILE = Desktop/Info.plist;
				LD_RUNPATH_SEARCH_PATHS = (
					"$(inherited)",
					"@executable_path/../Frameworks",
				);
				MACOSX_DEPLOYMENT_TARGET = 10.15;
				PRODUCT_BUNDLE_IDENTIFIER = co.pointfree.LocationManagerDesktop;
				PRODUCT_NAME = "$(TARGET_NAME)";
				SDKROOT = macosx;
				SWIFT_VERSION = 5.0;
			};
			name = Debug;
		};
		CA17CCDA24745B1000BDDF11 /* Release */ = {
			isa = XCBuildConfiguration;
			buildSettings = {
				ASSETCATALOG_COMPILER_APPICON_NAME = AppIcon;
				CODE_SIGN_ENTITLEMENTS = LocationManagerDesktop/LocationManagerDesktop.entitlements;
				CODE_SIGN_STYLE = Automatic;
				COMBINE_HIDPI_IMAGES = YES;
				ENABLE_PREVIEWS = YES;
				INFOPLIST_FILE = Desktop/Info.plist;
				LD_RUNPATH_SEARCH_PATHS = (
					"$(inherited)",
					"@executable_path/../Frameworks",
				);
				MACOSX_DEPLOYMENT_TARGET = 10.15;
				PRODUCT_BUNDLE_IDENTIFIER = co.pointfree.LocationManagerDesktop;
				PRODUCT_NAME = "$(TARGET_NAME)";
				SDKROOT = macosx;
				SWIFT_VERSION = 5.0;
			};
			name = Release;
		};
		CA74949D2474A59000B13019 /* Debug */ = {
			isa = XCBuildConfiguration;
			buildSettings = {
				BUNDLE_LOADER = "$(TEST_HOST)";
				CODE_SIGN_STYLE = Automatic;
				INFOPLIST_FILE = Mobile/Info.plist;
				LD_RUNPATH_SEARCH_PATHS = (
					"$(inherited)",
					"@executable_path/Frameworks",
					"@loader_path/Frameworks",
				);
				PRODUCT_BUNDLE_IDENTIFIER = co.pointfree.LocationManagerMobileTests;
				PRODUCT_NAME = "$(TARGET_NAME)";
				SWIFT_VERSION = 5.0;
				TARGETED_DEVICE_FAMILY = "1,2";
				TEST_HOST = "$(BUILT_PRODUCTS_DIR)/LocationManagerMobile.app/LocationManagerMobile";
			};
			name = Debug;
		};
		CA74949E2474A59000B13019 /* Release */ = {
			isa = XCBuildConfiguration;
			buildSettings = {
				BUNDLE_LOADER = "$(TEST_HOST)";
				CODE_SIGN_STYLE = Automatic;
				INFOPLIST_FILE = Mobile/Info.plist;
				LD_RUNPATH_SEARCH_PATHS = (
					"$(inherited)",
					"@executable_path/Frameworks",
					"@loader_path/Frameworks",
				);
				PRODUCT_BUNDLE_IDENTIFIER = co.pointfree.LocationManagerMobileTests;
				PRODUCT_NAME = "$(TARGET_NAME)";
				SWIFT_VERSION = 5.0;
				TARGETED_DEVICE_FAMILY = "1,2";
				TEST_HOST = "$(BUILT_PRODUCTS_DIR)/LocationManagerMobile.app/LocationManagerMobile";
			};
			name = Release;
		};
		CA7494AD2474A65400B13019 /* Debug */ = {
			isa = XCBuildConfiguration;
			buildSettings = {
				BUNDLE_LOADER = "$(TEST_HOST)";
				CODE_SIGN_STYLE = Automatic;
				COMBINE_HIDPI_IMAGES = YES;
				INFOPLIST_FILE = CommonTests/Info.plist;
				LD_RUNPATH_SEARCH_PATHS = (
					"$(inherited)",
					"@executable_path/../Frameworks",
					"@loader_path/../Frameworks",
				);
				MACOSX_DEPLOYMENT_TARGET = 10.15;
				PRODUCT_BUNDLE_IDENTIFIER = co.pointfree.LocationManagerDesktopTests;
				PRODUCT_NAME = "$(TARGET_NAME)";
				SDKROOT = macosx;
				SWIFT_VERSION = 5.0;
				TEST_HOST = "$(BUILT_PRODUCTS_DIR)/LocationManagerDesktop.app/Contents/MacOS/LocationManagerDesktop";
			};
			name = Debug;
		};
		CA7494AE2474A65400B13019 /* Release */ = {
			isa = XCBuildConfiguration;
			buildSettings = {
				BUNDLE_LOADER = "$(TEST_HOST)";
				CODE_SIGN_STYLE = Automatic;
				COMBINE_HIDPI_IMAGES = YES;
				INFOPLIST_FILE = CommonTests/Info.plist;
				LD_RUNPATH_SEARCH_PATHS = (
					"$(inherited)",
					"@executable_path/../Frameworks",
					"@loader_path/../Frameworks",
				);
				MACOSX_DEPLOYMENT_TARGET = 10.15;
				PRODUCT_BUNDLE_IDENTIFIER = co.pointfree.LocationManagerDesktopTests;
				PRODUCT_NAME = "$(TARGET_NAME)";
				SDKROOT = macosx;
				SWIFT_VERSION = 5.0;
				TEST_HOST = "$(BUILT_PRODUCTS_DIR)/LocationManagerDesktop.app/Contents/MacOS/LocationManagerDesktop";
			};
			name = Release;
		};
/* End XCBuildConfiguration section */

/* Begin XCConfigurationList section */
		CA17CC0424720BBA00BDDF11 /* Build configuration list for PBXProject "LocationManager" */ = {
			isa = XCConfigurationList;
			buildConfigurations = (
				CA17CC2624720BBB00BDDF11 /* Debug */,
				CA17CC2724720BBB00BDDF11 /* Release */,
			);
			defaultConfigurationIsVisible = 0;
			defaultConfigurationName = Release;
		};
		CA17CC2824720BBB00BDDF11 /* Build configuration list for PBXNativeTarget "LocationManagerMobile" */ = {
			isa = XCConfigurationList;
			buildConfigurations = (
				CA17CC2924720BBB00BDDF11 /* Debug */,
				CA17CC2A24720BBB00BDDF11 /* Release */,
			);
			defaultConfigurationIsVisible = 0;
			defaultConfigurationName = Release;
		};
		CA17CCD824745B1000BDDF11 /* Build configuration list for PBXNativeTarget "LocationManagerDesktop" */ = {
			isa = XCConfigurationList;
			buildConfigurations = (
				CA17CCD924745B1000BDDF11 /* Debug */,
				CA17CCDA24745B1000BDDF11 /* Release */,
			);
			defaultConfigurationIsVisible = 0;
			defaultConfigurationName = Release;
		};
		CA74949C2474A59000B13019 /* Build configuration list for PBXNativeTarget "LocationManagerMobileTests" */ = {
			isa = XCConfigurationList;
			buildConfigurations = (
				CA74949D2474A59000B13019 /* Debug */,
				CA74949E2474A59000B13019 /* Release */,
			);
			defaultConfigurationIsVisible = 0;
			defaultConfigurationName = Release;
		};
		CA7494AC2474A65400B13019 /* Build configuration list for PBXNativeTarget "LocationManagerDesktopTests" */ = {
			isa = XCConfigurationList;
			buildConfigurations = (
				CA7494AD2474A65400B13019 /* Debug */,
				CA7494AE2474A65400B13019 /* Release */,
			);
			defaultConfigurationIsVisible = 0;
			defaultConfigurationName = Release;
		};
/* End XCConfigurationList section */

/* Begin XCSwiftPackageProductDependency section */
		CA17CC3824720BEB00BDDF11 /* ComposableArchitecture */ = {
			isa = XCSwiftPackageProductDependency;
			productName = ComposableArchitecture;
		};
		CA17CCB52474582000BDDF11 /* ComposableCoreLocation */ = {
			isa = XCSwiftPackageProductDependency;
			productName = ComposableCoreLocation;
		};
		CA17CCE224745B1A00BDDF11 /* ComposableArchitecture */ = {
			isa = XCSwiftPackageProductDependency;
			productName = ComposableArchitecture;
		};
		CA17CCE424745B1A00BDDF11 /* ComposableCoreLocation */ = {
			isa = XCSwiftPackageProductDependency;
			productName = ComposableCoreLocation;
		};
/* End XCSwiftPackageProductDependency section */
	};
	rootObject = CA17CC0124720BBA00BDDF11 /* Project object */;
}
