{
  "pins" : [
    {
      "identity" : "combine-schedulers",
      "kind" : "remoteSourceControl",
      "location" : "https://github.com/pointfreeco/combine-schedulers",
      "state" : {
        "revision" : "882ac01eb7ef9e36d4467eb4b1151e74fcef85ab",
        "version" : "0.9.1"
      }
    },
    {
      "identity" : "swift-argument-parser",
      "kind" : "remoteSourceControl",
      "location" : "https://github.com/apple/swift-argument-parser",
      "state" : {
        "revision" : "fee6933f37fde9a5e12a1e4aeaa93fe60116ff2a",
        "version" : "1.2.2"
      }
    },
    {
      "identity" : "swift-benchmark",
      "kind" : "remoteSourceControl",
      "location" : "https://github.com/google/swift-benchmark",
      "state" : {
        "revision" : "8163295f6fe82356b0bcf8e1ab991645de17d096",
        "version" : "0.1.2"
      }
    },
    {
      "identity" : "swift-case-paths",
      "kind" : "remoteSourceControl",
      "location" : "https://github.com/pointfreeco/swift-case-paths",
      "state" : {
        "revision" : "fc45e7b2cfece9dd80b5a45e6469ffe67fe67984",
        "version" : "0.14.1"
      }
    },
    {
      "identity" : "swift-clocks",
      "kind" : "remoteSourceControl",
      "location" : "https://github.com/pointfreeco/swift-clocks",
      "state" : {
        "revision" : "20b25ca0dd88ebfb9111ec937814ddc5a8880172",
        "version" : "0.2.0"
      }
    },
    {
      "identity" : "swift-collections",
      "kind" : "remoteSourceControl",
      "location" : "https://github.com/apple/swift-collections",
      "state" : {
        "revision" : "937e904258d22af6e447a0b72c0bc67583ef64a2",
        "version" : "1.0.4"
      }
    },
    {
      "identity" : "swift-custom-dump",
      "kind" : "remoteSourceControl",
      "location" : "https://github.com/pointfreeco/swift-custom-dump",
      "state" : {
        "revision" : "84b30e1af72e0ffe6dfbfe39d53b8173caacf224",
        "version" : "0.10.2"
      }
    },
    {
      "identity" : "swift-dependencies",
      "kind" : "remoteSourceControl",
      "location" : "https://github.com/pointfreeco/swift-dependencies",
      "state" : {
        "revision" : "98650d886ec950b587d671261f06d6b59dec4052",
        "version" : "0.4.1"
      }
    },
    {
      "identity" : "swift-docc-plugin",
      "kind" : "remoteSourceControl",
      "location" : "https://github.com/apple/swift-docc-plugin",
      "state" : {
        "revision" : "9b1258905c21fc1b97bf03d1b4ca12c4ec4e5fda",
        "version" : "1.2.0"
      }
    },
    {
      "identity" : "swift-docc-symbolkit",
      "kind" : "remoteSourceControl",
      "location" : "https://github.com/apple/swift-docc-symbolkit",
      "state" : {
        "revision" : "b45d1f2ed151d057b54504d653e0da5552844e34",
        "version" : "1.0.0"
      }
    },
    {
      "identity" : "swift-identified-collections",
      "kind" : "remoteSourceControl",
      "location" : "https://github.com/pointfreeco/swift-identified-collections",
      "state" : {
        "revision" : "f52eee28bdc6065aa2f8424067e6f04c74bda6e6",
        "version" : "0.7.1"
      }
    },
    {
      "identity" : "swiftui-navigation",
      "kind" : "remoteSourceControl",
      "location" : "https://github.com/pointfreeco/swiftui-navigation",
      "state" : {
        "revision" : "47dd574b900ba5ba679f56ea00d4d282fc7305a6",
        "version" : "0.7.1"
      }
    },
    {
      "identity" : "xctest-dynamic-overlay",
      "kind" : "remoteSourceControl",
      "location" : "https://github.com/pointfreeco/xctest-dynamic-overlay",
      "state" : {
        "revision" : "ab8c9f45843694dd16be4297e6d44c0634fd9913",
        "version" : "0.8.4"
      }
    }
  ],
  "version" : 2
}
